# This file was autogenerated by Stack.
# You should not edit this file by hand.
# For more information, please see the documentation at:
#   https://docs.haskellstack.org/en/stable/lock_files

packages:
- completed:
    hackage: envparse-0.4.1@sha256:989902e6368532548f61de1fa245ad2b39176cddd8743b20071af519a709ce30,2842
    pantry-tree:
      size: 1180
      sha256: 35044d67979fe2a5cff05cf8736a06a265592433cdd03e13a72908ceed892612
  original:
    hackage: envparse-0.4.1@sha256:989902e6368532548f61de1fa245ad2b39176cddd8743b20071af519a709ce30
- completed:
    hackage: stm-containers-1.1.0.2@sha256:8976df591e61f378ef29dc0443dbe2d5d34818c898093af3ca138ea1d013b5eb,3210
    pantry-tree:
      size: 697
      sha256: 61e041a97aa230e874a50cdea4ded5f264fbb6337811cf4adf4cadd51176a084
  original:
    hackage: stm-containers-1.1.0.2@sha256:8976df591e61f378ef29dc0443dbe2d5d34818c898093af3ca138ea1d013b5eb
- completed:
    hackage: stm-hamt-1.2.0.2@sha256:18126db7bf2d9c967a6020c677b3005dd957a4c39d69aeaea3c29c90de8f6124,3972
    pantry-tree:
      size: 1009
      sha256: ef426797655d6b4b9238b1200c4129d44e91f996f26b92a035b1333b8b8a6f62
  original:
    hackage: stm-hamt-1.2.0.2@sha256:18126db7bf2d9c967a6020c677b3005dd957a4c39d69aeaea3c29c90de8f6124
- completed:
    hackage: primitive-extras-0.7.1@sha256:23905c57089418b1a2d324cfee3e81bbd5a344a0fa56a827867b2dce275fdb5e,2945
    pantry-tree:
      size: 1181
      sha256: f788dae21ca4f0d0377d97a5ba7fd008d4b0af8991a745f94c29f2caa11dc6bd
  original:
    hackage: primitive-extras-0.7.1@sha256:23905c57089418b1a2d324cfee3e81bbd5a344a0fa56a827867b2dce275fdb5e
snapshots:
- completed:
    size: 524996
    url: https://raw.githubusercontent.com/commercialhaskell/stackage-snapshots/master/lts/14/27.yaml
    sha256: 7ea31a280c56bf36ff591a7397cc384d0dff622e7f9e4225b47d8980f019a0f0
  original: lts-14.27
