# This file was autogenerated by Stack.
# You should not edit this file by hand.
# For more information, please see the documentation at:
#   https://docs.haskellstack.org/en/stable/lock_files

packages:
- completed:
    hackage: retry-0.8.1.2@sha256:b81e7d7e5f068da82349a3c157a2ab25d399c9ca4841d1b6e54e8c4050cb065f,2189
    pantry-tree:
      size: 433
      sha256: a9ebf74c0fce47b4e743c4d1a2c72fcc949a702e5790fa2784c835db17492012
  original:
    hackage: retry-0.8.1.2@sha256:b81e7d7e5f068da82349a3c157a2ab25d399c9ca4841d1b6e54e8c4050cb065f,2189
- completed:
    hackage: stm-containers-1.1.0.5@sha256:dffad326e360cf937840bf61f00c6e7dcc4fe62b4db420bf51266b08559f5020,3248
    pantry-tree:
      size: 761
      sha256: e09db5d8233874c789dad634896b0240e40c6a5fcdce055730cd62b1a6f94cb4
  original:
    hackage: stm-containers-1.1.0.5@sha256:dffad326e360cf937840bf61f00c6e7dcc4fe62b4db420bf51266b08559f5020,3248
- completed:
    name: protolude
    version: 0.3.1
    git: https://github.com/protolude/protolude.git
    pantry-tree:
      size: 3146
      sha256: 685ed0191298da9540e772ffa746eb078d4f4a77ed8012a9933d3c79644b1054
    commit: 3e249724fd0ead27370c8c297b1ecd38f92cbd5b
  original:
    git: https://github.com/protolude/protolude.git
    commit: 3e249724fd0ead27370c8c297b1ecd38f92cbd5b
snapshots:
- completed:
    size: 616897
    url: https://raw.githubusercontent.com/commercialhaskell/stackage-snapshots/master/lts/19/0.yaml
    sha256: bbf2be02f17940bac1f87cb462d4fb0c3355de6dcfc53d84f4f9ad3ee2164f65
  original: lts-19.0
